
Microsoft Visual Studio Solution File, Format Version 12.00
# Visual Studio Version 16
VisualStudioVersion = 16.0.30804.86
MinimumVisualStudioVersion = 10.0.40219.1
Project("{FAE04EC0-301F-11D3-BF4B-00C04F79EFBC}") = "KFZApp", "KFZApp\KFZApp.csproj", "{6A7FE300-5DC8-45F8-AEAE-D09D774CCE78}"
EndProject
Project("{FAE04EC0-301F-11D3-BF4B-00C04F79EFBC}") = "BusinessLogic", "BusinessLogic\BusinessLogic.csproj", "{B11723D1-926A-4266-9029-F520AA98265B}"
EndProject
Project("{FAE04EC0-301F-11D3-BF4B-00C04F79EFBC}") = "Model", "Model\Model.csproj", "{DBC05E12-1B12-4D80-A7CE-55F7CB4B9453}"
EndProject
Global
	GlobalSection(SolutionConfigurationPlatforms) = preSolution
		Debug|Any CPU = Debug|Any CPU
		Release|Any CPU = Release|Any CPU
	EndGlobalSection
	GlobalSection(ProjectConfigurationPlatforms) = postSolution
		{6A7FE300-5DC8-45F8-AEAE-D09D774CCE78}.Debug|Any CPU.ActiveCfg = Debug|Any CPU
		{6A7FE300-5DC8-45F8-AEAE-D09D774CCE78}.Debug|Any CPU.Build.0 = Debug|Any CPU
		{6A7FE300-5DC8-45F8-AEAE-D09D774CCE78}.Release|Any CPU.ActiveCfg = Release|Any CPU
		{6A7FE300-5DC8-45F8-AEAE-D09D774CCE78}.Release|Any CPU.Build.0 = Release|Any CPU
		{B11723D1-926A-4266-9029-F520AA98265B}.Debug|Any CPU.ActiveCfg = Debug|Any CPU
		{B11723D1-926A-4266-9029-F520AA98265B}.Debug|Any CPU.Build.0 = Debug|Any CPU
		{B11723D1-926A-4266-9029-F520AA98265B}.Release|Any CPU.ActiveCfg = Release|Any CPU
		{B11723D1-926A-4266-9029-F520AA98265B}.Release|Any CPU.Build.0 = Release|Any CPU
		{DBC05E12-1B12-4D80-A7CE-55F7CB4B9453}.Debug|Any CPU.ActiveCfg = Debug|Any CPU
		{DBC05E12-1B12-4D80-A7CE-55F7CB4B9453}.Debug|Any CPU.Build.0 = Debug|Any CPU
		{DBC05E12-1B12-4D80-A7CE-55F7CB4B9453}.Release|Any CPU.ActiveCfg = Release|Any CPU
		{DBC05E12-1B12-4D80-A7CE-55F7CB4B9453}.Release|Any CPU.Build.0 = Release|Any CPU
	EndGlobalSection
	GlobalSection(SolutionProperties) = preSolution
		HideSolutionNode = FALSE
	EndGlobalSection
	GlobalSection(ExtensibilityGlobals) = postSolution
		SolutionGuid = {8AE1B2A1-ACAC-4892-A9EA-523E54E7F356}
	EndGlobalSection
EndGlobal
